
Microsoft Visual Studio Solution File, Format Version 12.00
# Visual Studio Version 16
VisualStudioVersion = 16.0.31515.178
MinimumVisualStudioVersion = 10.0.40219.1
Project("{FAE04EC0-301F-11D3-BF4B-00C04F79EFBC}") = "WPF_MVVM_Exam", "WPF_MVVM_Exam.csproj", "{93F11EDD-2C2A-4307-B66B-239E2DE16EDE}"
EndProject
Global
	GlobalSection(SolutionConfigurationPlatforms) = preSolution
		Debug|Any CPU = Debug|Any CPU
		Release|Any CPU = Release|Any CPU
	EndGlobalSection
	GlobalSection(ProjectConfigurationPlatforms) = postSolution
		{93F11EDD-2C2A-4307-B66B-239E2DE16EDE}.Debug|Any CPU.ActiveCfg = Debug|Any CPU
		{93F11EDD-2C2A-4307-B66B-239E2DE16EDE}.Debug|Any CPU.Build.0 = Debug|Any CPU
		{93F11EDD-2C2A-4307-B66B-239E2DE16EDE}.Release|Any CPU.ActiveCfg = Release|Any CPU
		{93F11EDD-2C2A-4307-B66B-239E2DE16EDE}.Release|Any CPU.Build.0 = Release|Any CPU
	EndGlobalSection
	GlobalSection(SolutionProperties) = preSolution
		HideSolutionNode = FALSE
	EndGlobalSection
	GlobalSection(ExtensibilityGlobals) = postSolution
		SolutionGuid = {509D4776-AA19-4A31-8E23-84BDE2D2FD7B}
	EndGlobalSection
EndGlobal
